
Microsoft Visual Studio Solution File, Format Version 12.00
# Visual Studio 15
VisualStudioVersion = 15.0.27703.2035
MinimumVisualStudioVersion = 10.0.40219.1
Project("{FAE04EC0-301F-11D3-BF4B-00C04F79EFBC}") = "Vidly", "Vidly\Vidly.csproj", "{9B37687B-59CE-4F7C-AAC6-19B5162A6562}"
EndProject
Global
	GlobalSection(SolutionConfigurationPlatforms) = preSolution
		Debug|Any CPU = Debug|Any CPU
		Release|Any CPU = Release|Any CPU
	EndGlobalSection
	GlobalSection(ProjectConfigurationPlatforms) = postSolution
		{9B37687B-59CE-4F7C-AAC6-19B5162A6562}.Debug|Any CPU.ActiveCfg = Debug|Any CPU
		{9B37687B-59CE-4F7C-AAC6-19B5162A6562}.Debug|Any CPU.Build.0 = Debug|Any CPU
		{9B37687B-59CE-4F7C-AAC6-19B5162A6562}.Release|Any CPU.ActiveCfg = Release|Any CPU
		{9B37687B-59CE-4F7C-AAC6-19B5162A6562}.Release|Any CPU.Build.0 = Release|Any CPU
	EndGlobalSection
	GlobalSection(SolutionProperties) = preSolution
		HideSolutionNode = FALSE
	EndGlobalSection
	GlobalSection(ExtensibilityGlobals) = postSolution
		SolutionGuid = {62D573B4-F212-4066-8FF8-A9E61D037C59}
	EndGlobalSection
EndGlobal
